# This file is automatically @generated by Cargo.
# It is not intended for manual editing.
version = 3

[[package]]
name = "cc"
version = "1.0.90"
source = "registry+https://github.com/rust-lang/crates.io-index"
checksum = "8cd6604a82acf3039f1144f54b8eb34e91ffba622051189e71b781822d5ee1f5"

[[package]]
name = "tree-sitter-language"
version = "0.1.0"
source = "registry+https://github.com/rust-lang/crates.io-index"
checksum = "2545046bd1473dac6c626659cc2567c6c0ff302fc8b84a56c4243378276f7f57"

[[package]]
name = "tree-sitter-scheme"
version = "0.6.0"
dependencies = [
 "cc",
 "tree-sitter-language",
]
