{
  "name": "tree-sitter-scheme",
  "version": "0.6.0",
  "lockfileVersion": 3,
  "requires": true,
  "packages": {
    "": {
      "name": "tree-sitter-scheme",
      "version": "0.6.0",
      "license": "MIT",
      "dependencies": {
        "nan": "^2.20.0"
      },
      "devDependencies": {
        "tree-sitter-cli": "0.23.0"
      }
    },
    "node_modules/nan": {
      "version": "2.20.0",
      "resolved": "https://registry.npmjs.org/nan/-/nan-2.20.0.tgz",
      "integrity": "sha512-bk3gXBZDGILuuo/6sKtr0DQmSThYHLtNCdSdXk9YkxD/jK6X2vmCyyXBBxyqZ4XcnzTyYEAThfX3DCEnLf6igw==",
      "license": "MIT"
    },
    "node_modules/tree-sitter-cli": {
      "version": "0.23.0",
      "resolved": "https://registry.npmjs.org/tree-sitter-cli/-/tree-sitter-cli-0.23.0.tgz",
      "integrity": "sha512-/DdQaPCCOrOYGp9FxGdhFUnHIrjhfbYatQXgNIcmaAOpPunpnDj2vsO/H+svsfQLaFsQ1C+BjgPhpbV28zka1w==",
      "dev": true,
      "hasInstallScript": true,
      "license": "MIT",
      "bin": {
        "tree-sitter": "cli.js"
      },
      "engines": {
        "node": ">=12.0.0"
      }
    }
  }
}
