lockfileVersion: '9.0'

settings:
  autoInstallPeers: true
  excludeLinksFromLockfile: false

importers:

  .:
    dependencies:
      nan:
        specifier: ^2.20.0
        version: 2.20.0
    devDependencies:
      tree-sitter-cli:
        specifier: 0.23.0
        version: 0.23.0

packages:

  nan@2.20.0:
    resolution: {integrity: sha512-bk3gXBZDGILuuo/6sKtr0DQmSThYHLtNCdSdXk9YkxD/jK6X2vmCyyXBBxyqZ4XcnzTyYEAThfX3DCEnLf6igw==}

  tree-sitter-cli@0.23.0:
    resolution: {integrity: sha512-/DdQaPCCOrOYGp9FxGdhFUnHIrjhfbYatQXgNIcmaAOpPunpnDj2vsO/H+svsfQLaFsQ1C+BjgPhpbV28zka1w==}
    engines: {node: '>=12.0.0'}
    hasBin: true

snapshots:

  nan@2.20.0: {}

  tree-sitter-cli@0.23.0: {}
